
Microsoft Visual Studio Solution File, Format Version 12.00
# Visual Studio Version 17
VisualStudioVersion = 17.6.33815.320
MinimumVisualStudioVersion = 10.0.40219.1
Project("{9A19103F-16F7-4668-BE54-9A1E7A4F7556}") = "Talabat.Core", "Talabat.Core\Talabat.Core.csproj", "{33433177-E691-45E3-AFB0-73FB67E58AA7}"
EndProject
Project("{9A19103F-16F7-4668-BE54-9A1E7A4F7556}") = "Talabat.Repository", "Talabat.Repository\Talabat.Repository.csproj", "{A99059BE-EC7F-4951-B329-ECCDA63B57C3}"
EndProject
Project("{9A19103F-16F7-4668-BE54-9A1E7A4F7556}") = "Talabat.Service", "Talabat.Service\Talabat.Service.csproj", "{3B20C92A-0681-46CD-A14E-B48CA20EDE71}"
EndProject
Project("{FAE04EC0-301F-11D3-BF4B-00C04F79EFBC}") = "Talabate.PL", "Talabate.PL\Talabate.PL.csproj", "{CF618DBE-F474-4A72-97E0-4F413F2D4A09}"
EndProject
Global
	GlobalSection(SolutionConfigurationPlatforms) = preSolution
		Debug|Any CPU = Debug|Any CPU
		Release|Any CPU = Release|Any CPU
	EndGlobalSection
	GlobalSection(ProjectConfigurationPlatforms) = postSolution
		{33433177-E691-45E3-AFB0-73FB67E58AA7}.Debug|Any CPU.ActiveCfg = Debug|Any CPU
		{33433177-E691-45E3-AFB0-73FB67E58AA7}.Debug|Any CPU.Build.0 = Debug|Any CPU
		{33433177-E691-45E3-AFB0-73FB67E58AA7}.Release|Any CPU.ActiveCfg = Release|Any CPU
		{33433177-E691-45E3-AFB0-73FB67E58AA7}.Release|Any CPU.Build.0 = Release|Any CPU
		{A99059BE-EC7F-4951-B329-ECCDA63B57C3}.Debug|Any CPU.ActiveCfg = Debug|Any CPU
		{A99059BE-EC7F-4951-B329-ECCDA63B57C3}.Debug|Any CPU.Build.0 = Debug|Any CPU
		{A99059BE-EC7F-4951-B329-ECCDA63B57C3}.Release|Any CPU.ActiveCfg = Release|Any CPU
		{A99059BE-EC7F-4951-B329-ECCDA63B57C3}.Release|Any CPU.Build.0 = Release|Any CPU
		{3B20C92A-0681-46CD-A14E-B48CA20EDE71}.Debug|Any CPU.ActiveCfg = Debug|Any CPU
		{3B20C92A-0681-46CD-A14E-B48CA20EDE71}.Debug|Any CPU.Build.0 = Debug|Any CPU
		{3B20C92A-0681-46CD-A14E-B48CA20EDE71}.Release|Any CPU.ActiveCfg = Release|Any CPU
		{3B20C92A-0681-46CD-A14E-B48CA20EDE71}.Release|Any CPU.Build.0 = Release|Any CPU
		{CF618DBE-F474-4A72-97E0-4F413F2D4A09}.Debug|Any CPU.ActiveCfg = Debug|Any CPU
		{CF618DBE-F474-4A72-97E0-4F413F2D4A09}.Debug|Any CPU.Build.0 = Debug|Any CPU
		{CF618DBE-F474-4A72-97E0-4F413F2D4A09}.Release|Any CPU.ActiveCfg = Release|Any CPU
		{CF618DBE-F474-4A72-97E0-4F413F2D4A09}.Release|Any CPU.Build.0 = Release|Any CPU
	EndGlobalSection
	GlobalSection(SolutionProperties) = preSolution
		HideSolutionNode = FALSE
	EndGlobalSection
	GlobalSection(ExtensibilityGlobals) = postSolution
		SolutionGuid = {FD95AD0C-C072-4C3C-82B0-2B5C356E7706}
	EndGlobalSection
EndGlobal
